
Microsoft Visual Studio Solution File, Format Version 12.00
# Visual Studio Version 16
VisualStudioVersion = 25.0.1703.0
MinimumVisualStudioVersion = 10.0.40219.1
Project("{FAE04EC0-301F-11D3-BF4B-00C04F79EFBC}") = "VendasMVC", "VendasMVC\VendasMVC.csproj", "{760750AF-1D2B-4CF7-B46B-CC0FBFEFD07A}"
EndProject
Global
	GlobalSection(SolutionConfigurationPlatforms) = preSolution
		Debug|Any CPU = Debug|Any CPU
		Release|Any CPU = Release|Any CPU
	EndGlobalSection
	GlobalSection(ProjectConfigurationPlatforms) = postSolution
		{760750AF-1D2B-4CF7-B46B-CC0FBFEFD07A}.Debug|Any CPU.ActiveCfg = Debug|Any CPU
		{760750AF-1D2B-4CF7-B46B-CC0FBFEFD07A}.Debug|Any CPU.Build.0 = Debug|Any CPU
		{760750AF-1D2B-4CF7-B46B-CC0FBFEFD07A}.Release|Any CPU.ActiveCfg = Release|Any CPU
		{760750AF-1D2B-4CF7-B46B-CC0FBFEFD07A}.Release|Any CPU.Build.0 = Release|Any CPU
	EndGlobalSection
	GlobalSection(SolutionProperties) = preSolution
		HideSolutionNode = FALSE
	EndGlobalSection
	GlobalSection(ExtensibilityGlobals) = postSolution
		SolutionGuid = {A82CC45B-132F-4154-A06F-1B68AF259996}
	EndGlobalSection
EndGlobal
